
Microsoft Visual Studio Solution File, Format Version 12.00
Project("{FAE04EC0-301F-11D3-BF4B-00C04F79EFBC}") = "CRUD-WebApi", "CRUD-WebApi\CRUD-WebApi.csproj", "{6C59C2A3-9BB8-4B7F-BFD9-B4AC94C72BDB}"
EndProject
Global
	GlobalSection(SolutionConfigurationPlatforms) = preSolution
		Debug|Any CPU = Debug|Any CPU
		Release|Any CPU = Release|Any CPU
	EndGlobalSection
	GlobalSection(ProjectConfigurationPlatforms) = postSolution
		{6C59C2A3-9BB8-4B7F-BFD9-B4AC94C72BDB}.Debug|Any CPU.ActiveCfg = Debug|Any CPU
		{6C59C2A3-9BB8-4B7F-BFD9-B4AC94C72BDB}.Debug|Any CPU.Build.0 = Debug|Any CPU
		{6C59C2A3-9BB8-4B7F-BFD9-B4AC94C72BDB}.Release|Any CPU.ActiveCfg = Release|Any CPU
		{6C59C2A3-9BB8-4B7F-BFD9-B4AC94C72BDB}.Release|Any CPU.Build.0 = Release|Any CPU
	EndGlobalSection
EndGlobal
